
Microsoft Visual Studio Solution File, Format Version 11.00
# Visual Studio 2010
Project("{FAE04EC0-301F-11D3-BF4B-00C04F79EFBC}") = "Assembly-CSharp", "Assembly-CSharp.csproj", "{9396c71f-41c3-92ee-2a96-c8f17d55ce77}"
EndProject
Project("{FAE04EC0-301F-11D3-BF4B-00C04F79EFBC}") = "Assembly-CSharp-firstpass", "Assembly-CSharp-firstpass.csproj", "{ff913a5a-46ef-2164-6b26-1121fa9a07d7}"
EndProject
Global
	GlobalSection(SolutionConfigurationPlatforms) = preSolution
		Debug|Any CPU = Debug|Any CPU
		Release|Any CPU = Release|Any CPU
	EndGlobalSection
	GlobalSection(ProjectConfigurationPlatforms) = postSolution
		{9396c71f-41c3-92ee-2a96-c8f17d55ce77}.Debug|Any CPU.ActiveCfg = Debug|Any CPU
		{9396c71f-41c3-92ee-2a96-c8f17d55ce77}.Debug|Any CPU.Build.0 = Debug|Any CPU
		{9396c71f-41c3-92ee-2a96-c8f17d55ce77}.Release|Any CPU.ActiveCfg = Release|Any CPU
		{9396c71f-41c3-92ee-2a96-c8f17d55ce77}.Release|Any CPU.Build.0 = Release|Any CPU
		{ff913a5a-46ef-2164-6b26-1121fa9a07d7}.Debug|Any CPU.ActiveCfg = Debug|Any CPU
		{ff913a5a-46ef-2164-6b26-1121fa9a07d7}.Debug|Any CPU.Build.0 = Debug|Any CPU
		{ff913a5a-46ef-2164-6b26-1121fa9a07d7}.Release|Any CPU.ActiveCfg = Release|Any CPU
		{ff913a5a-46ef-2164-6b26-1121fa9a07d7}.Release|Any CPU.Build.0 = Release|Any CPU
	EndGlobalSection
	GlobalSection(SolutionProperties) = preSolution
		HideSolutionNode = FALSE
	EndGlobalSection
EndGlobal
